
Microsoft Visual Studio Solution File, Format Version 12.00
# Visual Studio 15
VisualStudioVersion = 15.0.26730.15
MinimumVisualStudioVersion = 10.0.40219.1
Project("{FAE04EC0-301F-11D3-BF4B-00C04F79EFBC}") = "Esquenta", "Esquenta\Esquenta.csproj", "{9ECE8FAD-9056-4694-9EAD-1100AD2D1E6D}"
EndProject
Project("{54435603-DBB4-11D2-8724-00A0C9A8B90C}") = "Setup", "Setup\Setup.vdproj", "{69D93498-2CA6-47A9-B01F-70EA926CED1C}"
EndProject
Global
	GlobalSection(SolutionConfigurationPlatforms) = preSolution
		Debug|Any CPU = Debug|Any CPU
		Release|Any CPU = Release|Any CPU
	EndGlobalSection
	GlobalSection(ProjectConfigurationPlatforms) = postSolution
		{9ECE8FAD-9056-4694-9EAD-1100AD2D1E6D}.Debug|Any CPU.ActiveCfg = Debug|Any CPU
		{9ECE8FAD-9056-4694-9EAD-1100AD2D1E6D}.Debug|Any CPU.Build.0 = Debug|Any CPU
		{9ECE8FAD-9056-4694-9EAD-1100AD2D1E6D}.Release|Any CPU.ActiveCfg = Release|Any CPU
		{9ECE8FAD-9056-4694-9EAD-1100AD2D1E6D}.Release|Any CPU.Build.0 = Release|Any CPU
		{69D93498-2CA6-47A9-B01F-70EA926CED1C}.Debug|Any CPU.ActiveCfg = Debug
		{69D93498-2CA6-47A9-B01F-70EA926CED1C}.Release|Any CPU.ActiveCfg = Release
	EndGlobalSection
	GlobalSection(SolutionProperties) = preSolution
		HideSolutionNode = FALSE
	EndGlobalSection
	GlobalSection(ExtensibilityGlobals) = postSolution
		SolutionGuid = {6058029E-1139-44F2-BB7C-CFECF8A91AE8}
	EndGlobalSection
EndGlobal
